// !$*UTF8*$!
{
	archiveVersion = 1;
	classes = {
	};
	objectVersion = 46;
	objects = {

/* Begin PBXBuildFile section */
		798E8CF01B6EFF7800663E29 /* Settings.bundle in Resources */ = {isa = PBXBuildFile; fileRef = 798E8CEF1B6EFF7800663E29 /* Settings.bundle */; };
		79F806251B3799230036419F /* AppDelegate.swift in Sources */ = {isa = PBXBuildFile; fileRef = 79F806241B3799230036419F /* AppDelegate.swift */; };
		79F806271B3799230036419F /* ViewController.swift in Sources */ = {isa = PBXBuildFile; fileRef = 79F806261B3799230036419F /* ViewController.swift */; };
		79F8062A1B3799230036419F /* Main.storyboard in Resources */ = {isa = PBXBuildFile; fileRef = 79F806281B3799230036419F /* Main.storyboard */; };
		79F8062C1B3799230036419F /* Images.xcassets in Resources */ = {isa = PBXBuildFile; fileRef = 79F8062B1B3799230036419F /* Images.xcassets */; };
		79F8062F1B3799230036419F /* LaunchScreen.xib in Resources */ = {isa = PBXBuildFile; fileRef = 79F8062D1B3799230036419F /* LaunchScreen.xib */; };
		79F8063B1B3799240036419F /* BouncerTests.swift in Sources */ = {isa = PBXBuildFile; fileRef = 79F8063A1B3799240036419F /* BouncerTests.swift */; };
		79F806A91B38E9820036419F /* BouncerDynamicBehavior.swift in Sources */ = {isa = PBXBuildFile; fileRef = 79F806A81B38E9820036419F /* BouncerDynamicBehavior.swift */; };
/* End PBXBuildFile section */

/* Begin PBXContainerItemProxy section */
		79F806351B3799240036419F /* PBXContainerItemProxy */ = {
			isa = PBXContainerItemProxy;
			containerPortal = 79F806171B3799230036419F /* Project object */;
			proxyType = 1;
			remoteGlobalIDString = 79F8061E1B3799230036419F;
			remoteInfo = Bouncer;
		};
/* End PBXContainerItemProxy section */

/* Begin PBXFileReference section */
		798E8CEF1B6EFF7800663E29 /* Settings.bundle */ = {isa = PBXFileReference; lastKnownFileType = "wrapper.plug-in"; path = Settings.bundle; sourceTree = "<group>"; };
		79F8061F1B3799230036419F /* Bouncer.app */ = {isa = PBXFileReference; explicitFileType = wrapper.application; includeInIndex = 0; path = Bouncer.app; sourceTree = BUILT_PRODUCTS_DIR; };
		79F806231B3799230036419F /* Info.plist */ = {isa = PBXFileReference; lastKnownFileType = text.plist.xml; path = Info.plist; sourceTree = "<group>"; };
		79F806241B3799230036419F /* AppDelegate.swift */ = {isa = PBXFileReference; lastKnownFileType = sourcecode.swift; path = AppDelegate.swift; sourceTree = "<group>"; };
		79F806261B3799230036419F /* ViewController.swift */ = {isa = PBXFileReference; lastKnownFileType = sourcecode.swift; path = ViewController.swift; sourceTree = "<group>"; };
		79F806291B3799230036419F /* Base */ = {isa = PBXFileReference; lastKnownFileType = file.storyboard; name = Base; path = Base.lproj/Main.storyboard; sourceTree = "<group>"; };
		79F8062B1B3799230036419F /* Images.xcassets */ = {isa = PBXFileReference; lastKnownFileType = folder.assetcatalog; path = Images.xcassets; sourceTree = "<group>"; };
		79F8062E1B3799230036419F /* Base */ = {isa = PBXFileReference; lastKnownFileType = file.xib; name = Base; path = Base.lproj/LaunchScreen.xib; sourceTree = "<group>"; };
		79F806341B3799240036419F /* BouncerTests.xctest */ = {isa = PBXFileReference; explicitFileType = wrapper.cfbundle; includeInIndex = 0; path = BouncerTests.xctest; sourceTree = BUILT_PRODUCTS_DIR; };
		79F806391B3799240036419F /* Info.plist */ = {isa = PBXFileReference; lastKnownFileType = text.plist.xml; path = Info.plist; sourceTree = "<group>"; };
		79F8063A1B3799240036419F /* BouncerTests.swift */ = {isa = PBXFileReference; lastKnownFileType = sourcecode.swift; path = BouncerTests.swift; sourceTree = "<group>"; };
		79F806A81B38E9820036419F /* BouncerDynamicBehavior.swift */ = {isa = PBXFileReference; fileEncoding = 4; lastKnownFileType = sourcecode.swift; path = BouncerDynamicBehavior.swift; sourceTree = "<group>"; };
/* End PBXFileReference section */

/* Begin PBXFrameworksBuildPhase section */
		79F8061C1B3799230036419F /* Frameworks */ = {
			isa = PBXFrameworksBuildPhase;
			buildActionMask = 2147483647;
			files = (
			);
			runOnlyForDeploymentPostprocessing = 0;
		};
		79F806311B3799240036419F /* Frameworks */ = {
			isa = PBXFrameworksBuildPhase;
			buildActionMask = 2147483647;
			files = (
			);
			runOnlyForDeploymentPostprocessing = 0;
		};
/* End PBXFrameworksBuildPhase section */

/* Begin PBXGroup section */
		79F806161B3799230036419F = {
			isa = PBXGroup;
			children = (
				79F806211B3799230036419F /* Bouncer */,
				79F806371B3799240036419F /* BouncerTests */,
				79F806201B3799230036419F /* Products */,
			);
			sourceTree = "<group>";
		};
		79F806201B3799230036419F /* Products */ = {
			isa = PBXGroup;
			children = (
				79F8061F1B3799230036419F /* Bouncer.app */,
				79F806341B3799240036419F /* BouncerTests.xctest */,
			);
			name = Products;
			sourceTree = "<group>";
		};
		79F806211B3799230036419F /* Bouncer */ = {
			isa = PBXGroup;
			children = (
				79F806241B3799230036419F /* AppDelegate.swift */,
				79F806A81B38E9820036419F /* BouncerDynamicBehavior.swift */,
				79F806261B3799230036419F /* ViewController.swift */,
				79F806281B3799230036419F /* Main.storyboard */,
				798E8CEF1B6EFF7800663E29 /* Settings.bundle */,
				79F806221B3799230036419F /* Supporting Files */,
			);
			path = Bouncer;
			sourceTree = "<group>";
		};
		79F806221B3799230036419F /* Supporting Files */ = {
			isa = PBXGroup;
			children = (
				79F8062B1B3799230036419F /* Images.xcassets */,
				79F8062D1B3799230036419F /* LaunchScreen.xib */,
				79F806231B3799230036419F /* Info.plist */,
			);
			name = "Supporting Files";
			sourceTree = "<group>";
		};
		79F806371B3799240036419F /* BouncerTests */ = {
			isa = PBXGroup;
			children = (
				79F8063A1B3799240036419F /* BouncerTests.swift */,
				79F806381B3799240036419F /* Supporting Files */,
			);
			path = BouncerTests;
			sourceTree = "<group>";
		};
		79F806381B3799240036419F /* Supporting Files */ = {
			isa = PBXGroup;
			children = (
				79F806391B3799240036419F /* Info.plist */,
			);
			name = "Supporting Files";
			sourceTree = "<group>";
		};
/* End PBXGroup section */

/* Begin PBXNativeTarget section */
		79F8061E1B3799230036419F /* Bouncer */ = {
			isa = PBXNativeTarget;
			buildConfigurationList = 79F8063E1B3799240036419F /* Build configuration list for PBXNativeTarget "Bouncer" */;
			buildPhases = (
				79F8061B1B3799230036419F /* Sources */,
				79F8061C1B3799230036419F /* Frameworks */,
				79F8061D1B3799230036419F /* Resources */,
			);
			buildRules = (
			);
			dependencies = (
			);
			name = Bouncer;
			productName = Bouncer;
			productReference = 79F8061F1B3799230036419F /* Bouncer.app */;
			productType = "com.apple.product-type.application";
		};
		79F806331B3799240036419F /* BouncerTests */ = {
			isa = PBXNativeTarget;
			buildConfigurationList = 79F806411B3799240036419F /* Build configuration list for PBXNativeTarget "BouncerTests" */;
			buildPhases = (
				79F806301B3799240036419F /* Sources */,
				79F806311B3799240036419F /* Frameworks */,
				79F806321B3799240036419F /* Resources */,
			);
			buildRules = (
			);
			dependencies = (
				79F806361B3799240036419F /* PBXTargetDependency */,
			);
			name = BouncerTests;
			productName = BouncerTests;
			productReference = 79F806341B3799240036419F /* BouncerTests.xctest */;
			productType = "com.apple.product-type.bundle.unit-test";
		};
/* End PBXNativeTarget section */

/* Begin PBXProject section */
		79F806171B3799230036419F /* Project object */ = {
			isa = PBXProject;
			attributes = {
				LastSwiftUpdateCheck = 0700;
				LastUpgradeCheck = 0700;
				ORGANIZATIONNAME = "Stanford University";
				TargetAttributes = {
					79F8061E1B3799230036419F = {
						CreatedOnToolsVersion = 6.3.2;
					};
					79F806331B3799240036419F = {
						CreatedOnToolsVersion = 6.3.2;
						TestTargetID = 79F8061E1B3799230036419F;
					};
				};
			};
			buildConfigurationList = 79F8061A1B3799230036419F /* Build configuration list for PBXProject "Bouncer" */;
			compatibilityVersion = "Xcode 3.2";
			developmentRegion = English;
			hasScannedForEncodings = 0;
			knownRegions = (
				en,
				Base,
			);
			mainGroup = 79F806161B3799230036419F;
			productRefGroup = 79F806201B3799230036419F /* Products */;
			projectDirPath = "";
			projectRoot = "";
			targets = (
				79F8061E1B3799230036419F /* Bouncer */,
				79F806331B3799240036419F /* BouncerTests */,
			);
		};
/* End PBXProject section */

/* Begin PBXResourcesBuildPhase section */
		79F8061D1B3799230036419F /* Resources */ = {
			isa = PBXResourcesBuildPhase;
			buildActionMask = 2147483647;
			files = (
				798E8CF01B6EFF7800663E29 /* Settings.bundle in Resources */,
				79F8062A1B3799230036419F /* Main.storyboard in Resources */,
				79F8062F1B3799230036419F /* LaunchScreen.xib in Resources */,
				79F8062C1B3799230036419F /* Images.xcassets in Resources */,
			);
			runOnlyForDeploymentPostprocessing = 0;
		};
		79F806321B3799240036419F /* Resources */ = {
			isa = PBXResourcesBuildPhase;
			buildActionMask = 2147483647;
			files = (
			);
			runOnlyForDeploymentPostprocessing = 0;
		};
/* End PBXResourcesBuildPhase section */

/* Begin PBXSourcesBuildPhase section */
		79F8061B1B3799230036419F /* Sources */ = {
			isa = PBXSourcesBuildPhase;
			buildActionMask = 2147483647;
			files = (
				79F806271B3799230036419F /* ViewController.swift in Sources */,
				79F806A91B38E9820036419F /* BouncerDynamicBehavior.swift in Sources */,
				79F806251B3799230036419F /* AppDelegate.swift in Sources */,
			);
			runOnlyForDeploymentPostprocessing = 0;
		};
		79F806301B3799240036419F /* Sources */ = {
			isa = PBXSourcesBuildPhase;
			buildActionMask = 2147483647;
			files = (
				79F8063B1B3799240036419F /* BouncerTests.swift in Sources */,
			);
			runOnlyForDeploymentPostprocessing = 0;
		};
/* End PBXSourcesBuildPhase section */

/* Begin PBXTargetDependency section */
		79F806361B3799240036419F /* PBXTargetDependency */ = {
			isa = PBXTargetDependency;
			target = 79F8061E1B3799230036419F /* Bouncer */;
			targetProxy = 79F806351B3799240036419F /* PBXContainerItemProxy */;
		};
/* End PBXTargetDependency section */

/* Begin PBXVariantGroup section */
		79F806281B3799230036419F /* Main.storyboard */ = {
			isa = PBXVariantGroup;
			children = (
				79F806291B3799230036419F /* Base */,
			);
			name = Main.storyboard;
			sourceTree = "<group>";
		};
		79F8062D1B3799230036419F /* LaunchScreen.xib */ = {
			isa = PBXVariantGroup;
			children = (
				79F8062E1B3799230036419F /* Base */,
			);
			name = LaunchScreen.xib;
			sourceTree = "<group>";
		};
/* End PBXVariantGroup section */

/* Begin XCBuildConfiguration section */
		79F8063C1B3799240036419F /* Debug */ = {
			isa = XCBuildConfiguration;
			buildSettings = {
				ALWAYS_SEARCH_USER_PATHS = NO;
				CLANG_CXX_LANGUAGE_STANDARD = "gnu++0x";
				CLANG_CXX_LIBRARY = "libc++";
				CLANG_ENABLE_MODULES = YES;
				CLANG_ENABLE_OBJC_ARC = YES;
				CLANG_WARN_BOOL_CONVERSION = YES;
				CLANG_WARN_CONSTANT_CONVERSION = YES;
				CLANG_WARN_DIRECT_OBJC_ISA_USAGE = YES_ERROR;
				CLANG_WARN_EMPTY_BODY = YES;
				CLANG_WARN_ENUM_CONVERSION = YES;
				CLANG_WARN_INT_CONVERSION = YES;
				CLANG_WARN_OBJC_ROOT_CLASS = YES_ERROR;
				CLANG_WARN_UNREACHABLE_CODE = YES;
				CLANG_WARN__DUPLICATE_METHOD_MATCH = YES;
				"CODE_SIGN_IDENTITY[sdk=iphoneos*]" = "iPhone Developer";
				COPY_PHASE_STRIP = NO;
				DEBUG_INFORMATION_FORMAT = "dwarf-with-dsym";
				ENABLE_STRICT_OBJC_MSGSEND = YES;
				ENABLE_TESTABILITY = YES;
				GCC_C_LANGUAGE_STANDARD = gnu99;
				GCC_DYNAMIC_NO_PIC = NO;
				GCC_NO_COMMON_BLOCKS = YES;
				GCC_OPTIMIZATION_LEVEL = 0;
				GCC_PREPROCESSOR_DEFINITIONS = (
					"DEBUG=1",
					"$(inherited)",
				);
				GCC_SYMBOLS_PRIVATE_EXTERN = NO;
				GCC_WARN_64_TO_32_BIT_CONVERSION = YES;
				GCC_WARN_ABOUT_RETURN_TYPE = YES_ERROR;
				GCC_WARN_UNDECLARED_SELECTOR = YES;
				GCC_WARN_UNINITIALIZED_AUTOS = YES_AGGRESSIVE;
				GCC_WARN_UNUSED_FUNCTION = YES;
				GCC_WARN_UNUSED_VARIABLE = YES;
				IPHONEOS_DEPLOYMENT_TARGET = 8.1;
				MTL_ENABLE_DEBUG_INFO = YES;
				ONLY_ACTIVE_ARCH = YES;
				SDKROOT = iphoneos;
				SWIFT_OPTIMIZATION_LEVEL = "-Onone";
				TARGETED_DEVICE_FAMILY = "1,2";
			};
			name = Debug;
		};
		79F8063D1B3799240036419F /* Release */ = {
			isa = XCBuildConfiguration;
			buildSettings = {
				ALWAYS_SEARCH_USER_PATHS = NO;
				CLANG_CXX_LANGUAGE_STANDARD = "gnu++0x";
				CLANG_CXX_LIBRARY = "libc++";
				CLANG_ENABLE_MODULES = YES;
				CLANG_ENABLE_OBJC_ARC = YES;
				CLANG_WARN_BOOL_CONVERSION = YES;
				CLANG_WARN_CONSTANT_CONVERSION = YES;
				CLANG_WARN_DIRECT_OBJC_ISA_USAGE = YES_ERROR;
				CLANG_WARN_EMPTY_BODY = YES;
				CLANG_WARN_ENUM_CONVERSION = YES;
				CLANG_WARN_INT_CONVERSION = YES;
				CLANG_WARN_OBJC_ROOT_CLASS = YES_ERROR;
				CLANG_WARN_UNREACHABLE_CODE = YES;
				CLANG_WARN__DUPLICATE_METHOD_MATCH = YES;
				"CODE_SIGN_IDENTITY[sdk=iphoneos*]" = "iPhone Developer";
				COPY_PHASE_STRIP = NO;
				DEBUG_INFORMATION_FORMAT = "dwarf-with-dsym";
				ENABLE_NS_ASSERTIONS = NO;
				ENABLE_STRICT_OBJC_MSGSEND = YES;
				GCC_C_LANGUAGE_STANDARD = gnu99;
				GCC_NO_COMMON_BLOCKS = YES;
				GCC_WARN_64_TO_32_BIT_CONVERSION = YES;
				GCC_WARN_ABOUT_RETURN_TYPE = YES_ERROR;
				GCC_WARN_UNDECLARED_SELECTOR = YES;
				GCC_WARN_UNINITIALIZED_AUTOS = YES_AGGRESSIVE;
				GCC_WARN_UNUSED_FUNCTION = YES;
				GCC_WARN_UNUSED_VARIABLE = YES;
				IPHONEOS_DEPLOYMENT_TARGET = 8.1;
				MTL_ENABLE_DEBUG_INFO = NO;
				SDKROOT = iphoneos;
				TARGETED_DEVICE_FAMILY = "1,2";
				VALIDATE_PRODUCT = YES;
			};
			name = Release;
		};
		79F8063F1B3799240036419F /* Debug */ = {
			isa = XCBuildConfiguration;
			buildSettings = {
				ASSETCATALOG_COMPILER_APPICON_NAME = AppIcon;
				INFOPLIST_FILE = Bouncer/Info.plist;
				LD_RUNPATH_SEARCH_PATHS = "$(inherited) @executable_path/Frameworks";
				PRODUCT_BUNDLE_IDENTIFIER = "edu.stanford.cs193p.molda.vojta.$(PRODUCT_NAME:rfc1034identifier)";
				PRODUCT_NAME = "$(TARGET_NAME)";
			};
			name = Debug;
		};
		79F806401B3799240036419F /* Release */ = {
			isa = XCBuildConfiguration;
			buildSettings = {
				ASSETCATALOG_COMPILER_APPICON_NAME = AppIcon;
				INFOPLIST_FILE = Bouncer/Info.plist;
				LD_RUNPATH_SEARCH_PATHS = "$(inherited) @executable_path/Frameworks";
				PRODUCT_BUNDLE_IDENTIFIER = "edu.stanford.cs193p.molda.vojta.$(PRODUCT_NAME:rfc1034identifier)";
				PRODUCT_NAME = "$(TARGET_NAME)";
			};
			name = Release;
		};
		79F806421B3799240036419F /* Debug */ = {
			isa = XCBuildConfiguration;
			buildSettings = {
				BUNDLE_LOADER = "$(TEST_HOST)";
				FRAMEWORK_SEARCH_PATHS = (
					"$(SDKROOT)/Developer/Library/Frameworks",
					"$(inherited)",
				);
				GCC_PREPROCESSOR_DEFINITIONS = (
					"DEBUG=1",
					"$(inherited)",
				);
				INFOPLIST_FILE = BouncerTests/Info.plist;
				LD_RUNPATH_SEARCH_PATHS = "$(inherited) @executable_path/Frameworks @loader_path/Frameworks";
				PRODUCT_BUNDLE_IDENTIFIER = "edu.stanford.cs193p.molda.vojta.$(PRODUCT_NAME:rfc1034identifier)";
				PRODUCT_NAME = "$(TARGET_NAME)";
				TEST_HOST = "$(BUILT_PRODUCTS_DIR)/Bouncer.app/Bouncer";
			};
			name = Debug;
		};
		79F806431B3799240036419F /* Release */ = {
			isa = XCBuildConfiguration;
			buildSettings = {
				BUNDLE_LOADER = "$(TEST_HOST)";
				FRAMEWORK_SEARCH_PATHS = (
					"$(SDKROOT)/Developer/Library/Frameworks",
					"$(inherited)",
				);
				INFOPLIST_FILE = BouncerTests/Info.plist;
				LD_RUNPATH_SEARCH_PATHS = "$(inherited) @executable_path/Frameworks @loader_path/Frameworks";
				PRODUCT_BUNDLE_IDENTIFIER = "edu.stanford.cs193p.molda.vojta.$(PRODUCT_NAME:rfc1034identifier)";
				PRODUCT_NAME = "$(TARGET_NAME)";
				TEST_HOST = "$(BUILT_PRODUCTS_DIR)/Bouncer.app/Bouncer";
			};
			name = Release;
		};
/* End XCBuildConfiguration section */

/* Begin XCConfigurationList section */
		79F8061A1B3799230036419F /* Build configuration list for PBXProject "Bouncer" */ = {
			isa = XCConfigurationList;
			buildConfigurations = (
				79F8063C1B3799240036419F /* Debug */,
				79F8063D1B3799240036419F /* Release */,
			);
			defaultConfigurationIsVisible = 0;
			defaultConfigurationName = Release;
		};
		79F8063E1B3799240036419F /* Build configuration list for PBXNativeTarget "Bouncer" */ = {
			isa = XCConfigurationList;
			buildConfigurations = (
				79F8063F1B3799240036419F /* Debug */,
				79F806401B3799240036419F /* Release */,
			);
			defaultConfigurationIsVisible = 0;
			defaultConfigurationName = Release;
		};
		79F806411B3799240036419F /* Build configuration list for PBXNativeTarget "BouncerTests" */ = {
			isa = XCConfigurationList;
			buildConfigurations = (
				79F806421B3799240036419F /* Debug */,
				79F806431B3799240036419F /* Release */,
			);
			defaultConfigurationIsVisible = 0;
			defaultConfigurationName = Release;
		};
/* End XCConfigurationList section */
	};
	rootObject = 79F806171B3799230036419F /* Project object */;
}
