// !$*UTF8*$!
{
	archiveVersion = 1;
	classes = {
	};
	objectVersion = 46;
	objects = {

/* Begin PBXBuildFile section */
		7942BF981B40F71700D1C9E9 /* ImageCollectionViewCell.swift in Sources */ = {isa = PBXBuildFile; fileRef = 7942BF971B40F71700D1C9E9 /* ImageCollectionViewCell.swift */; };
		794C6CA01B1BD20A005B4CB5 /* TweetsTableViewController.swift in Sources */ = {isa = PBXBuildFile; fileRef = 794C6C9F1B1BD20A005B4CB5 /* TweetsTableViewController.swift */; };
		794C6CA21B1BD24A005B4CB5 /* TweetTableViewCell.swift in Sources */ = {isa = PBXBuildFile; fileRef = 794C6CA11B1BD24A005B4CB5 /* TweetTableViewCell.swift */; };
		794C6CA41B1BD2B8005B4CB5 /* ImageTableViewCell.swift in Sources */ = {isa = PBXBuildFile; fileRef = 794C6CA31B1BD2B8005B4CB5 /* ImageTableViewCell.swift */; };
		798F2D5B1B1E8D1A00AD4F7F /* MentionsTableViewController.swift in Sources */ = {isa = PBXBuildFile; fileRef = 794C6C9B1B1BBBD4005B4CB5 /* MentionsTableViewController.swift */; };
		798F2D5D1B22A6F200AD4F7F /* ImageViewController.swift in Sources */ = {isa = PBXBuildFile; fileRef = 798F2D5C1B22A6F200AD4F7F /* ImageViewController.swift */; };
		798F2D5F1B23660800AD4F7F /* HistoryTableViewController.swift in Sources */ = {isa = PBXBuildFile; fileRef = 798F2D5E1B23660800AD4F7F /* HistoryTableViewController.swift */; };
		799A099C1B254FF90066374D /* WebsiteViewController.swift in Sources */ = {isa = PBXBuildFile; fileRef = 799A099B1B254FF90066374D /* WebsiteViewController.swift */; };
		799A099E1B266FE60066374D /* ImagesCollectionViewController.swift in Sources */ = {isa = PBXBuildFile; fileRef = 799A099D1B266FE60066374D /* ImagesCollectionViewController.swift */; };
		79A509FB1AC3938A006D1E9B /* AppDelegate.swift in Sources */ = {isa = PBXBuildFile; fileRef = 79A509FA1AC3938A006D1E9B /* AppDelegate.swift */; };
		79A50A001AC3938A006D1E9B /* Main.storyboard in Resources */ = {isa = PBXBuildFile; fileRef = 79A509FE1AC3938A006D1E9B /* Main.storyboard */; };
		79A50A021AC3938A006D1E9B /* Images.xcassets in Resources */ = {isa = PBXBuildFile; fileRef = 79A50A011AC3938A006D1E9B /* Images.xcassets */; };
		79A50A051AC3938A006D1E9B /* LaunchScreen.xib in Resources */ = {isa = PBXBuildFile; fileRef = 79A50A031AC3938A006D1E9B /* LaunchScreen.xib */; };
		79A50A111AC3938A006D1E9B /* SmashtagTests.swift in Sources */ = {isa = PBXBuildFile; fileRef = 79A50A101AC3938A006D1E9B /* SmashtagTests.swift */; };
		79A50A1F1AC39425006D1E9B /* MediaItem.swift in Sources */ = {isa = PBXBuildFile; fileRef = 79A50A1B1AC39425006D1E9B /* MediaItem.swift */; };
		79A50A201AC39425006D1E9B /* Tweet.swift in Sources */ = {isa = PBXBuildFile; fileRef = 79A50A1C1AC39425006D1E9B /* Tweet.swift */; };
		79A50A211AC39425006D1E9B /* TwitterRequest.swift in Sources */ = {isa = PBXBuildFile; fileRef = 79A50A1D1AC39425006D1E9B /* TwitterRequest.swift */; };
		79A50A221AC39425006D1E9B /* User.swift in Sources */ = {isa = PBXBuildFile; fileRef = 79A50A1E1AC39425006D1E9B /* User.swift */; };
/* End PBXBuildFile section */

/* Begin PBXContainerItemProxy section */
		79A50A0B1AC3938A006D1E9B /* PBXContainerItemProxy */ = {
			isa = PBXContainerItemProxy;
			containerPortal = 79A509ED1AC3938A006D1E9B /* Project object */;
			proxyType = 1;
			remoteGlobalIDString = 79A509F41AC3938A006D1E9B;
			remoteInfo = Smashtag;
		};
/* End PBXContainerItemProxy section */

/* Begin PBXFileReference section */
		7942BF971B40F71700D1C9E9 /* ImageCollectionViewCell.swift */ = {isa = PBXFileReference; fileEncoding = 4; lastKnownFileType = sourcecode.swift; path = ImageCollectionViewCell.swift; sourceTree = "<group>"; };
		794C6C9B1B1BBBD4005B4CB5 /* MentionsTableViewController.swift */ = {isa = PBXFileReference; fileEncoding = 4; lastKnownFileType = sourcecode.swift; path = MentionsTableViewController.swift; sourceTree = "<group>"; };
		794C6C9F1B1BD20A005B4CB5 /* TweetsTableViewController.swift */ = {isa = PBXFileReference; fileEncoding = 4; lastKnownFileType = sourcecode.swift; name = TweetsTableViewController.swift; path = Twitter/TweetsTableViewController.swift; sourceTree = "<group>"; };
		794C6CA11B1BD24A005B4CB5 /* TweetTableViewCell.swift */ = {isa = PBXFileReference; fileEncoding = 4; lastKnownFileType = sourcecode.swift; path = TweetTableViewCell.swift; sourceTree = "<group>"; };
		794C6CA31B1BD2B8005B4CB5 /* ImageTableViewCell.swift */ = {isa = PBXFileReference; fileEncoding = 4; lastKnownFileType = sourcecode.swift; path = ImageTableViewCell.swift; sourceTree = "<group>"; };
		798F2D5C1B22A6F200AD4F7F /* ImageViewController.swift */ = {isa = PBXFileReference; fileEncoding = 4; lastKnownFileType = sourcecode.swift; path = ImageViewController.swift; sourceTree = "<group>"; };
		798F2D5E1B23660800AD4F7F /* HistoryTableViewController.swift */ = {isa = PBXFileReference; fileEncoding = 4; lastKnownFileType = sourcecode.swift; path = HistoryTableViewController.swift; sourceTree = "<group>"; };
		799A099B1B254FF90066374D /* WebsiteViewController.swift */ = {isa = PBXFileReference; fileEncoding = 4; lastKnownFileType = sourcecode.swift; path = WebsiteViewController.swift; sourceTree = "<group>"; };
		799A099D1B266FE60066374D /* ImagesCollectionViewController.swift */ = {isa = PBXFileReference; fileEncoding = 4; lastKnownFileType = sourcecode.swift; path = ImagesCollectionViewController.swift; sourceTree = "<group>"; };
		79A509F51AC3938A006D1E9B /* Smashtag.app */ = {isa = PBXFileReference; explicitFileType = wrapper.application; includeInIndex = 0; path = Smashtag.app; sourceTree = BUILT_PRODUCTS_DIR; };
		79A509F91AC3938A006D1E9B /* Info.plist */ = {isa = PBXFileReference; lastKnownFileType = text.plist.xml; path = Info.plist; sourceTree = "<group>"; };
		79A509FA1AC3938A006D1E9B /* AppDelegate.swift */ = {isa = PBXFileReference; lastKnownFileType = sourcecode.swift; path = AppDelegate.swift; sourceTree = "<group>"; };
		79A509FF1AC3938A006D1E9B /* Base */ = {isa = PBXFileReference; lastKnownFileType = file.storyboard; name = Base; path = Base.lproj/Main.storyboard; sourceTree = "<group>"; };
		79A50A011AC3938A006D1E9B /* Images.xcassets */ = {isa = PBXFileReference; lastKnownFileType = folder.assetcatalog; path = Images.xcassets; sourceTree = "<group>"; };
		79A50A041AC3938A006D1E9B /* Base */ = {isa = PBXFileReference; lastKnownFileType = file.xib; name = Base; path = Base.lproj/LaunchScreen.xib; sourceTree = "<group>"; };
		79A50A0A1AC3938A006D1E9B /* SmashtagTests.xctest */ = {isa = PBXFileReference; explicitFileType = wrapper.cfbundle; includeInIndex = 0; path = SmashtagTests.xctest; sourceTree = BUILT_PRODUCTS_DIR; };
		79A50A0F1AC3938A006D1E9B /* Info.plist */ = {isa = PBXFileReference; lastKnownFileType = text.plist.xml; path = Info.plist; sourceTree = "<group>"; };
		79A50A101AC3938A006D1E9B /* SmashtagTests.swift */ = {isa = PBXFileReference; lastKnownFileType = sourcecode.swift; path = SmashtagTests.swift; sourceTree = "<group>"; };
		79A50A1B1AC39425006D1E9B /* MediaItem.swift */ = {isa = PBXFileReference; fileEncoding = 4; lastKnownFileType = sourcecode.swift; path = MediaItem.swift; sourceTree = "<group>"; };
		79A50A1C1AC39425006D1E9B /* Tweet.swift */ = {isa = PBXFileReference; fileEncoding = 4; lastKnownFileType = sourcecode.swift; path = Tweet.swift; sourceTree = "<group>"; };
		79A50A1D1AC39425006D1E9B /* TwitterRequest.swift */ = {isa = PBXFileReference; fileEncoding = 4; lastKnownFileType = sourcecode.swift; path = TwitterRequest.swift; sourceTree = "<group>"; };
		79A50A1E1AC39425006D1E9B /* User.swift */ = {isa = PBXFileReference; fileEncoding = 4; lastKnownFileType = sourcecode.swift; path = User.swift; sourceTree = "<group>"; };
/* End PBXFileReference section */

/* Begin PBXFrameworksBuildPhase section */
		79A509F21AC3938A006D1E9B /* Frameworks */ = {
			isa = PBXFrameworksBuildPhase;
			buildActionMask = 2147483647;
			files = (
			);
			runOnlyForDeploymentPostprocessing = 0;
		};
		79A50A071AC3938A006D1E9B /* Frameworks */ = {
			isa = PBXFrameworksBuildPhase;
			buildActionMask = 2147483647;
			files = (
			);
			runOnlyForDeploymentPostprocessing = 0;
		};
/* End PBXFrameworksBuildPhase section */

/* Begin PBXGroup section */
		799A099F1B2670230066374D /* Tweets */ = {
			isa = PBXGroup;
			children = (
				794C6C9F1B1BD20A005B4CB5 /* TweetsTableViewController.swift */,
				794C6CA11B1BD24A005B4CB5 /* TweetTableViewCell.swift */,
				794C6C9B1B1BBBD4005B4CB5 /* MentionsTableViewController.swift */,
				794C6CA31B1BD2B8005B4CB5 /* ImageTableViewCell.swift */,
				798F2D5C1B22A6F200AD4F7F /* ImageViewController.swift */,
				799A099B1B254FF90066374D /* WebsiteViewController.swift */,
			);
			name = Tweets;
			sourceTree = "<group>";
		};
		799A09A01B26702C0066374D /* History */ = {
			isa = PBXGroup;
			children = (
				798F2D5E1B23660800AD4F7F /* HistoryTableViewController.swift */,
			);
			name = History;
			sourceTree = "<group>";
		};
		799A09A11B2670340066374D /* Collection */ = {
			isa = PBXGroup;
			children = (
				799A099D1B266FE60066374D /* ImagesCollectionViewController.swift */,
				7942BF971B40F71700D1C9E9 /* ImageCollectionViewCell.swift */,
			);
			name = Collection;
			sourceTree = "<group>";
		};
		79A509EC1AC3938A006D1E9B = {
			isa = PBXGroup;
			children = (
				79A509F71AC3938A006D1E9B /* Smashtag */,
				79A50A0D1AC3938A006D1E9B /* SmashtagTests */,
				79A509F61AC3938A006D1E9B /* Products */,
			);
			sourceTree = "<group>";
		};
		79A509F61AC3938A006D1E9B /* Products */ = {
			isa = PBXGroup;
			children = (
				79A509F51AC3938A006D1E9B /* Smashtag.app */,
				79A50A0A1AC3938A006D1E9B /* SmashtagTests.xctest */,
			);
			name = Products;
			sourceTree = "<group>";
		};
		79A509F71AC3938A006D1E9B /* Smashtag */ = {
			isa = PBXGroup;
			children = (
				799A09A11B2670340066374D /* Collection */,
				799A09A01B26702C0066374D /* History */,
				799A099F1B2670230066374D /* Tweets */,
				79A50A1A1AC39425006D1E9B /* Twitter */,
				79A509FE1AC3938A006D1E9B /* Main.storyboard */,
				79A509F81AC3938A006D1E9B /* Supporting Files */,
			);
			path = Smashtag;
			sourceTree = "<group>";
		};
		79A509F81AC3938A006D1E9B /* Supporting Files */ = {
			isa = PBXGroup;
			children = (
				79A50A031AC3938A006D1E9B /* LaunchScreen.xib */,
				79A50A011AC3938A006D1E9B /* Images.xcassets */,
				79A509FA1AC3938A006D1E9B /* AppDelegate.swift */,
				79A509F91AC3938A006D1E9B /* Info.plist */,
			);
			name = "Supporting Files";
			sourceTree = "<group>";
		};
		79A50A0D1AC3938A006D1E9B /* SmashtagTests */ = {
			isa = PBXGroup;
			children = (
				79A50A101AC3938A006D1E9B /* SmashtagTests.swift */,
				79A50A0E1AC3938A006D1E9B /* Supporting Files */,
			);
			path = SmashtagTests;
			sourceTree = "<group>";
		};
		79A50A0E1AC3938A006D1E9B /* Supporting Files */ = {
			isa = PBXGroup;
			children = (
				79A50A0F1AC3938A006D1E9B /* Info.plist */,
			);
			name = "Supporting Files";
			sourceTree = "<group>";
		};
		79A50A1A1AC39425006D1E9B /* Twitter */ = {
			isa = PBXGroup;
			children = (
				79A50A1B1AC39425006D1E9B /* MediaItem.swift */,
				79A50A1C1AC39425006D1E9B /* Tweet.swift */,
				79A50A1D1AC39425006D1E9B /* TwitterRequest.swift */,
				79A50A1E1AC39425006D1E9B /* User.swift */,
			);
			path = Twitter;
			sourceTree = "<group>";
		};
/* End PBXGroup section */

/* Begin PBXNativeTarget section */
		79A509F41AC3938A006D1E9B /* Smashtag */ = {
			isa = PBXNativeTarget;
			buildConfigurationList = 79A50A141AC3938A006D1E9B /* Build configuration list for PBXNativeTarget "Smashtag" */;
			buildPhases = (
				79A509F11AC3938A006D1E9B /* Sources */,
				79A509F21AC3938A006D1E9B /* Frameworks */,
				79A509F31AC3938A006D1E9B /* Resources */,
			);
			buildRules = (
			);
			dependencies = (
			);
			name = Smashtag;
			productName = Smashtag;
			productReference = 79A509F51AC3938A006D1E9B /* Smashtag.app */;
			productType = "com.apple.product-type.application";
		};
		79A50A091AC3938A006D1E9B /* SmashtagTests */ = {
			isa = PBXNativeTarget;
			buildConfigurationList = 79A50A171AC3938A006D1E9B /* Build configuration list for PBXNativeTarget "SmashtagTests" */;
			buildPhases = (
				79A50A061AC3938A006D1E9B /* Sources */,
				79A50A071AC3938A006D1E9B /* Frameworks */,
				79A50A081AC3938A006D1E9B /* Resources */,
			);
			buildRules = (
			);
			dependencies = (
				79A50A0C1AC3938A006D1E9B /* PBXTargetDependency */,
			);
			name = SmashtagTests;
			productName = SmashtagTests;
			productReference = 79A50A0A1AC3938A006D1E9B /* SmashtagTests.xctest */;
			productType = "com.apple.product-type.bundle.unit-test";
		};
/* End PBXNativeTarget section */

/* Begin PBXProject section */
		79A509ED1AC3938A006D1E9B /* Project object */ = {
			isa = PBXProject;
			attributes = {
				LastSwiftUpdateCheck = 0700;
				LastUpgradeCheck = 0700;
				ORGANIZATIONNAME = "Stanford University";
				TargetAttributes = {
					79A509F41AC3938A006D1E9B = {
						CreatedOnToolsVersion = 6.2;
						DevelopmentTeam = ALN2GRZBKC;
					};
					79A50A091AC3938A006D1E9B = {
						CreatedOnToolsVersion = 6.2;
						TestTargetID = 79A509F41AC3938A006D1E9B;
					};
				};
			};
			buildConfigurationList = 79A509F01AC3938A006D1E9B /* Build configuration list for PBXProject "Smashtag" */;
			compatibilityVersion = "Xcode 3.2";
			developmentRegion = English;
			hasScannedForEncodings = 0;
			knownRegions = (
				en,
				Base,
			);
			mainGroup = 79A509EC1AC3938A006D1E9B;
			productRefGroup = 79A509F61AC3938A006D1E9B /* Products */;
			projectDirPath = "";
			projectRoot = "";
			targets = (
				79A509F41AC3938A006D1E9B /* Smashtag */,
				79A50A091AC3938A006D1E9B /* SmashtagTests */,
			);
		};
/* End PBXProject section */

/* Begin PBXResourcesBuildPhase section */
		79A509F31AC3938A006D1E9B /* Resources */ = {
			isa = PBXResourcesBuildPhase;
			buildActionMask = 2147483647;
			files = (
				79A50A001AC3938A006D1E9B /* Main.storyboard in Resources */,
				79A50A051AC3938A006D1E9B /* LaunchScreen.xib in Resources */,
				79A50A021AC3938A006D1E9B /* Images.xcassets in Resources */,
			);
			runOnlyForDeploymentPostprocessing = 0;
		};
		79A50A081AC3938A006D1E9B /* Resources */ = {
			isa = PBXResourcesBuildPhase;
			buildActionMask = 2147483647;
			files = (
			);
			runOnlyForDeploymentPostprocessing = 0;
		};
/* End PBXResourcesBuildPhase section */

/* Begin PBXSourcesBuildPhase section */
		79A509F11AC3938A006D1E9B /* Sources */ = {
			isa = PBXSourcesBuildPhase;
			buildActionMask = 2147483647;
			files = (
				794C6CA41B1BD2B8005B4CB5 /* ImageTableViewCell.swift in Sources */,
				794C6CA01B1BD20A005B4CB5 /* TweetsTableViewController.swift in Sources */,
				79A50A211AC39425006D1E9B /* TwitterRequest.swift in Sources */,
				799A099E1B266FE60066374D /* ImagesCollectionViewController.swift in Sources */,
				798F2D5D1B22A6F200AD4F7F /* ImageViewController.swift in Sources */,
				794C6CA21B1BD24A005B4CB5 /* TweetTableViewCell.swift in Sources */,
				79A50A221AC39425006D1E9B /* User.swift in Sources */,
				79A509FB1AC3938A006D1E9B /* AppDelegate.swift in Sources */,
				798F2D5F1B23660800AD4F7F /* HistoryTableViewController.swift in Sources */,
				79A50A1F1AC39425006D1E9B /* MediaItem.swift in Sources */,
				7942BF981B40F71700D1C9E9 /* ImageCollectionViewCell.swift in Sources */,
				799A099C1B254FF90066374D /* WebsiteViewController.swift in Sources */,
				798F2D5B1B1E8D1A00AD4F7F /* MentionsTableViewController.swift in Sources */,
				79A50A201AC39425006D1E9B /* Tweet.swift in Sources */,
			);
			runOnlyForDeploymentPostprocessing = 0;
		};
		79A50A061AC3938A006D1E9B /* Sources */ = {
			isa = PBXSourcesBuildPhase;
			buildActionMask = 2147483647;
			files = (
				79A50A111AC3938A006D1E9B /* SmashtagTests.swift in Sources */,
			);
			runOnlyForDeploymentPostprocessing = 0;
		};
/* End PBXSourcesBuildPhase section */

/* Begin PBXTargetDependency section */
		79A50A0C1AC3938A006D1E9B /* PBXTargetDependency */ = {
			isa = PBXTargetDependency;
			target = 79A509F41AC3938A006D1E9B /* Smashtag */;
			targetProxy = 79A50A0B1AC3938A006D1E9B /* PBXContainerItemProxy */;
		};
/* End PBXTargetDependency section */

/* Begin PBXVariantGroup section */
		79A509FE1AC3938A006D1E9B /* Main.storyboard */ = {
			isa = PBXVariantGroup;
			children = (
				79A509FF1AC3938A006D1E9B /* Base */,
			);
			name = Main.storyboard;
			sourceTree = "<group>";
		};
		79A50A031AC3938A006D1E9B /* LaunchScreen.xib */ = {
			isa = PBXVariantGroup;
			children = (
				79A50A041AC3938A006D1E9B /* Base */,
			);
			name = LaunchScreen.xib;
			sourceTree = "<group>";
		};
/* End PBXVariantGroup section */

/* Begin XCBuildConfiguration section */
		79A50A121AC3938A006D1E9B /* Debug */ = {
			isa = XCBuildConfiguration;
			buildSettings = {
				ALWAYS_SEARCH_USER_PATHS = NO;
				CLANG_CXX_LANGUAGE_STANDARD = "gnu++0x";
				CLANG_CXX_LIBRARY = "libc++";
				CLANG_ENABLE_MODULES = YES;
				CLANG_ENABLE_OBJC_ARC = YES;
				CLANG_WARN_BOOL_CONVERSION = YES;
				CLANG_WARN_CONSTANT_CONVERSION = YES;
				CLANG_WARN_DIRECT_OBJC_ISA_USAGE = YES_ERROR;
				CLANG_WARN_EMPTY_BODY = YES;
				CLANG_WARN_ENUM_CONVERSION = YES;
				CLANG_WARN_INT_CONVERSION = YES;
				CLANG_WARN_OBJC_ROOT_CLASS = YES_ERROR;
				CLANG_WARN_UNREACHABLE_CODE = YES;
				CLANG_WARN__DUPLICATE_METHOD_MATCH = YES;
				"CODE_SIGN_IDENTITY[sdk=iphoneos*]" = "iPhone Developer";
				COPY_PHASE_STRIP = NO;
				ENABLE_STRICT_OBJC_MSGSEND = YES;
				ENABLE_TESTABILITY = YES;
				GCC_C_LANGUAGE_STANDARD = gnu99;
				GCC_DYNAMIC_NO_PIC = NO;
				GCC_OPTIMIZATION_LEVEL = 0;
				GCC_PREPROCESSOR_DEFINITIONS = (
					"DEBUG=1",
					"$(inherited)",
				);
				GCC_SYMBOLS_PRIVATE_EXTERN = NO;
				GCC_WARN_64_TO_32_BIT_CONVERSION = YES;
				GCC_WARN_ABOUT_RETURN_TYPE = YES_ERROR;
				GCC_WARN_UNDECLARED_SELECTOR = YES;
				GCC_WARN_UNINITIALIZED_AUTOS = YES_AGGRESSIVE;
				GCC_WARN_UNUSED_FUNCTION = YES;
				GCC_WARN_UNUSED_VARIABLE = YES;
				IPHONEOS_DEPLOYMENT_TARGET = 8.2;
				MTL_ENABLE_DEBUG_INFO = YES;
				ONLY_ACTIVE_ARCH = YES;
				SDKROOT = iphoneos;
				SWIFT_OPTIMIZATION_LEVEL = "-Onone";
				TARGETED_DEVICE_FAMILY = "1,2";
			};
			name = Debug;
		};
		79A50A131AC3938A006D1E9B /* Release */ = {
			isa = XCBuildConfiguration;
			buildSettings = {
				ALWAYS_SEARCH_USER_PATHS = NO;
				CLANG_CXX_LANGUAGE_STANDARD = "gnu++0x";
				CLANG_CXX_LIBRARY = "libc++";
				CLANG_ENABLE_MODULES = YES;
				CLANG_ENABLE_OBJC_ARC = YES;
				CLANG_WARN_BOOL_CONVERSION = YES;
				CLANG_WARN_CONSTANT_CONVERSION = YES;
				CLANG_WARN_DIRECT_OBJC_ISA_USAGE = YES_ERROR;
				CLANG_WARN_EMPTY_BODY = YES;
				CLANG_WARN_ENUM_CONVERSION = YES;
				CLANG_WARN_INT_CONVERSION = YES;
				CLANG_WARN_OBJC_ROOT_CLASS = YES_ERROR;
				CLANG_WARN_UNREACHABLE_CODE = YES;
				CLANG_WARN__DUPLICATE_METHOD_MATCH = YES;
				"CODE_SIGN_IDENTITY[sdk=iphoneos*]" = "iPhone Developer";
				COPY_PHASE_STRIP = NO;
				ENABLE_NS_ASSERTIONS = NO;
				ENABLE_STRICT_OBJC_MSGSEND = YES;
				GCC_C_LANGUAGE_STANDARD = gnu99;
				GCC_WARN_64_TO_32_BIT_CONVERSION = YES;
				GCC_WARN_ABOUT_RETURN_TYPE = YES_ERROR;
				GCC_WARN_UNDECLARED_SELECTOR = YES;
				GCC_WARN_UNINITIALIZED_AUTOS = YES_AGGRESSIVE;
				GCC_WARN_UNUSED_FUNCTION = YES;
				GCC_WARN_UNUSED_VARIABLE = YES;
				IPHONEOS_DEPLOYMENT_TARGET = 8.2;
				MTL_ENABLE_DEBUG_INFO = NO;
				SDKROOT = iphoneos;
				TARGETED_DEVICE_FAMILY = "1,2";
				VALIDATE_PRODUCT = YES;
			};
			name = Release;
		};
		79A50A151AC3938A006D1E9B /* Debug */ = {
			isa = XCBuildConfiguration;
			buildSettings = {
				ASSETCATALOG_COMPILER_APPICON_NAME = AppIcon;
				CLANG_ENABLE_MODULES = YES;
				CODE_SIGN_IDENTITY = "iPhone Developer";
				"CODE_SIGN_IDENTITY[sdk=iphoneos*]" = "iPhone Developer";
				INFOPLIST_FILE = Smashtag/Info.plist;
				LD_RUNPATH_SEARCH_PATHS = "$(inherited) @executable_path/Frameworks";
				PRODUCT_BUNDLE_IDENTIFIER = "edu.stanford.cs193p.molda.vojta.$(PRODUCT_NAME:rfc1034identifier)";
				PRODUCT_NAME = "$(TARGET_NAME)";
				PROVISIONING_PROFILE = "";
				SWIFT_OPTIMIZATION_LEVEL = "-Onone";
			};
			name = Debug;
		};
		79A50A161AC3938A006D1E9B /* Release */ = {
			isa = XCBuildConfiguration;
			buildSettings = {
				ASSETCATALOG_COMPILER_APPICON_NAME = AppIcon;
				CLANG_ENABLE_MODULES = YES;
				CODE_SIGN_IDENTITY = "iPhone Developer";
				"CODE_SIGN_IDENTITY[sdk=iphoneos*]" = "iPhone Developer";
				INFOPLIST_FILE = Smashtag/Info.plist;
				LD_RUNPATH_SEARCH_PATHS = "$(inherited) @executable_path/Frameworks";
				PRODUCT_BUNDLE_IDENTIFIER = "edu.stanford.cs193p.molda.vojta.$(PRODUCT_NAME:rfc1034identifier)";
				PRODUCT_NAME = "$(TARGET_NAME)";
				PROVISIONING_PROFILE = "";
			};
			name = Release;
		};
		79A50A181AC3938A006D1E9B /* Debug */ = {
			isa = XCBuildConfiguration;
			buildSettings = {
				BUNDLE_LOADER = "$(TEST_HOST)";
				FRAMEWORK_SEARCH_PATHS = (
					"$(SDKROOT)/Developer/Library/Frameworks",
					"$(inherited)",
				);
				GCC_PREPROCESSOR_DEFINITIONS = (
					"DEBUG=1",
					"$(inherited)",
				);
				INFOPLIST_FILE = SmashtagTests/Info.plist;
				LD_RUNPATH_SEARCH_PATHS = "$(inherited) @executable_path/Frameworks @loader_path/Frameworks";
				PRODUCT_BUNDLE_IDENTIFIER = "edu.stanford.cs193p.molda.vojta.$(PRODUCT_NAME:rfc1034identifier)";
				PRODUCT_NAME = "$(TARGET_NAME)";
				TEST_HOST = "$(BUILT_PRODUCTS_DIR)/Smashtag.app/Smashtag";
			};
			name = Debug;
		};
		79A50A191AC3938A006D1E9B /* Release */ = {
			isa = XCBuildConfiguration;
			buildSettings = {
				BUNDLE_LOADER = "$(TEST_HOST)";
				FRAMEWORK_SEARCH_PATHS = (
					"$(SDKROOT)/Developer/Library/Frameworks",
					"$(inherited)",
				);
				INFOPLIST_FILE = SmashtagTests/Info.plist;
				LD_RUNPATH_SEARCH_PATHS = "$(inherited) @executable_path/Frameworks @loader_path/Frameworks";
				PRODUCT_BUNDLE_IDENTIFIER = "edu.stanford.cs193p.molda.vojta.$(PRODUCT_NAME:rfc1034identifier)";
				PRODUCT_NAME = "$(TARGET_NAME)";
				TEST_HOST = "$(BUILT_PRODUCTS_DIR)/Smashtag.app/Smashtag";
			};
			name = Release;
		};
/* End XCBuildConfiguration section */

/* Begin XCConfigurationList section */
		79A509F01AC3938A006D1E9B /* Build configuration list for PBXProject "Smashtag" */ = {
			isa = XCConfigurationList;
			buildConfigurations = (
				79A50A121AC3938A006D1E9B /* Debug */,
				79A50A131AC3938A006D1E9B /* Release */,
			);
			defaultConfigurationIsVisible = 0;
			defaultConfigurationName = Release;
		};
		79A50A141AC3938A006D1E9B /* Build configuration list for PBXNativeTarget "Smashtag" */ = {
			isa = XCConfigurationList;
			buildConfigurations = (
				79A50A151AC3938A006D1E9B /* Debug */,
				79A50A161AC3938A006D1E9B /* Release */,
			);
			defaultConfigurationIsVisible = 0;
			defaultConfigurationName = Release;
		};
		79A50A171AC3938A006D1E9B /* Build configuration list for PBXNativeTarget "SmashtagTests" */ = {
			isa = XCConfigurationList;
			buildConfigurations = (
				79A50A181AC3938A006D1E9B /* Debug */,
				79A50A191AC3938A006D1E9B /* Release */,
			);
			defaultConfigurationIsVisible = 0;
			defaultConfigurationName = Release;
		};
/* End XCConfigurationList section */
	};
	rootObject = 79A509ED1AC3938A006D1E9B /* Project object */;
}
