// !$*UTF8*$!
{
	archiveVersion = 1;
	classes = {
	};
	objectVersion = 46;
	objects = {

/* Begin PBXBuildFile section */
		7942BF9A1B42243200D1C9E9 /* ImagesSplitViewController.swift in Sources */ = {isa = PBXBuildFile; fileRef = 7942BF991B42243200D1C9E9 /* ImagesSplitViewController.swift */; };
		79F604961AAFC3CB0082EB5A /* AppDelegate.swift in Sources */ = {isa = PBXBuildFile; fileRef = 79F604951AAFC3CB0082EB5A /* AppDelegate.swift */; };
		79F604981AAFC3CB0082EB5A /* ViewController.swift in Sources */ = {isa = PBXBuildFile; fileRef = 79F604971AAFC3CB0082EB5A /* ViewController.swift */; };
		79F6049B1AAFC3CB0082EB5A /* Main.storyboard in Resources */ = {isa = PBXBuildFile; fileRef = 79F604991AAFC3CB0082EB5A /* Main.storyboard */; };
		79F6049D1AAFC3CB0082EB5A /* Images.xcassets in Resources */ = {isa = PBXBuildFile; fileRef = 79F6049C1AAFC3CB0082EB5A /* Images.xcassets */; };
		79F604A01AAFC3CB0082EB5A /* LaunchScreen.xib in Resources */ = {isa = PBXBuildFile; fileRef = 79F6049E1AAFC3CB0082EB5A /* LaunchScreen.xib */; };
		79F604AC1AAFC3CB0082EB5A /* CassiniTests.swift in Sources */ = {isa = PBXBuildFile; fileRef = 79F604AB1AAFC3CB0082EB5A /* CassiniTests.swift */; };
		79F604B61AAFC4C80082EB5A /* ImageViewController.swift in Sources */ = {isa = PBXBuildFile; fileRef = 79F604B51AAFC4C80082EB5A /* ImageViewController.swift */; };
		79F604B81AAFC7E30082EB5A /* DemoURL.swift in Sources */ = {isa = PBXBuildFile; fileRef = 79F604B71AAFC7E30082EB5A /* DemoURL.swift */; };
/* End PBXBuildFile section */

/* Begin PBXContainerItemProxy section */
		79F604A61AAFC3CB0082EB5A /* PBXContainerItemProxy */ = {
			isa = PBXContainerItemProxy;
			containerPortal = 79F604881AAFC3CB0082EB5A /* Project object */;
			proxyType = 1;
			remoteGlobalIDString = 79F6048F1AAFC3CB0082EB5A;
			remoteInfo = Cassini;
		};
/* End PBXContainerItemProxy section */

/* Begin PBXFileReference section */
		7942BF991B42243200D1C9E9 /* ImagesSplitViewController.swift */ = {isa = PBXFileReference; fileEncoding = 4; lastKnownFileType = sourcecode.swift; path = ImagesSplitViewController.swift; sourceTree = "<group>"; };
		79F604901AAFC3CB0082EB5A /* Cassini.app */ = {isa = PBXFileReference; explicitFileType = wrapper.application; includeInIndex = 0; path = Cassini.app; sourceTree = BUILT_PRODUCTS_DIR; };
		79F604941AAFC3CB0082EB5A /* Info.plist */ = {isa = PBXFileReference; lastKnownFileType = text.plist.xml; path = Info.plist; sourceTree = "<group>"; };
		79F604951AAFC3CB0082EB5A /* AppDelegate.swift */ = {isa = PBXFileReference; lastKnownFileType = sourcecode.swift; path = AppDelegate.swift; sourceTree = "<group>"; };
		79F604971AAFC3CB0082EB5A /* ViewController.swift */ = {isa = PBXFileReference; lastKnownFileType = sourcecode.swift; path = ViewController.swift; sourceTree = "<group>"; };
		79F6049A1AAFC3CB0082EB5A /* Base */ = {isa = PBXFileReference; lastKnownFileType = file.storyboard; name = Base; path = Base.lproj/Main.storyboard; sourceTree = "<group>"; };
		79F6049C1AAFC3CB0082EB5A /* Images.xcassets */ = {isa = PBXFileReference; lastKnownFileType = folder.assetcatalog; path = Images.xcassets; sourceTree = "<group>"; };
		79F6049F1AAFC3CB0082EB5A /* Base */ = {isa = PBXFileReference; lastKnownFileType = file.xib; name = Base; path = Base.lproj/LaunchScreen.xib; sourceTree = "<group>"; };
		79F604A51AAFC3CB0082EB5A /* CassiniTests.xctest */ = {isa = PBXFileReference; explicitFileType = wrapper.cfbundle; includeInIndex = 0; path = CassiniTests.xctest; sourceTree = BUILT_PRODUCTS_DIR; };
		79F604AA1AAFC3CB0082EB5A /* Info.plist */ = {isa = PBXFileReference; lastKnownFileType = text.plist.xml; path = Info.plist; sourceTree = "<group>"; };
		79F604AB1AAFC3CB0082EB5A /* CassiniTests.swift */ = {isa = PBXFileReference; lastKnownFileType = sourcecode.swift; path = CassiniTests.swift; sourceTree = "<group>"; };
		79F604B51AAFC4C80082EB5A /* ImageViewController.swift */ = {isa = PBXFileReference; fileEncoding = 4; lastKnownFileType = sourcecode.swift; path = ImageViewController.swift; sourceTree = "<group>"; };
		79F604B71AAFC7E30082EB5A /* DemoURL.swift */ = {isa = PBXFileReference; fileEncoding = 4; lastKnownFileType = sourcecode.swift; path = DemoURL.swift; sourceTree = "<group>"; };
/* End PBXFileReference section */

/* Begin PBXFrameworksBuildPhase section */
		79F6048D1AAFC3CB0082EB5A /* Frameworks */ = {
			isa = PBXFrameworksBuildPhase;
			buildActionMask = 2147483647;
			files = (
			);
			runOnlyForDeploymentPostprocessing = 0;
		};
		79F604A21AAFC3CB0082EB5A /* Frameworks */ = {
			isa = PBXFrameworksBuildPhase;
			buildActionMask = 2147483647;
			files = (
			);
			runOnlyForDeploymentPostprocessing = 0;
		};
/* End PBXFrameworksBuildPhase section */

/* Begin PBXGroup section */
		79F604871AAFC3CB0082EB5A = {
			isa = PBXGroup;
			children = (
				79F604921AAFC3CB0082EB5A /* Cassini */,
				79F604A81AAFC3CB0082EB5A /* CassiniTests */,
				79F604911AAFC3CB0082EB5A /* Products */,
			);
			sourceTree = "<group>";
		};
		79F604911AAFC3CB0082EB5A /* Products */ = {
			isa = PBXGroup;
			children = (
				79F604901AAFC3CB0082EB5A /* Cassini.app */,
				79F604A51AAFC3CB0082EB5A /* CassiniTests.xctest */,
			);
			name = Products;
			sourceTree = "<group>";
		};
		79F604921AAFC3CB0082EB5A /* Cassini */ = {
			isa = PBXGroup;
			children = (
				7942BF991B42243200D1C9E9 /* ImagesSplitViewController.swift */,
				79F604B51AAFC4C80082EB5A /* ImageViewController.swift */,
				79F604971AAFC3CB0082EB5A /* ViewController.swift */,
				79F604B71AAFC7E30082EB5A /* DemoURL.swift */,
				79F604991AAFC3CB0082EB5A /* Main.storyboard */,
				79F604931AAFC3CB0082EB5A /* Supporting Files */,
			);
			path = Cassini;
			sourceTree = "<group>";
		};
		79F604931AAFC3CB0082EB5A /* Supporting Files */ = {
			isa = PBXGroup;
			children = (
				79F604951AAFC3CB0082EB5A /* AppDelegate.swift */,
				79F6049C1AAFC3CB0082EB5A /* Images.xcassets */,
				79F6049E1AAFC3CB0082EB5A /* LaunchScreen.xib */,
				79F604941AAFC3CB0082EB5A /* Info.plist */,
			);
			name = "Supporting Files";
			sourceTree = "<group>";
		};
		79F604A81AAFC3CB0082EB5A /* CassiniTests */ = {
			isa = PBXGroup;
			children = (
				79F604AB1AAFC3CB0082EB5A /* CassiniTests.swift */,
				79F604A91AAFC3CB0082EB5A /* Supporting Files */,
			);
			path = CassiniTests;
			sourceTree = "<group>";
		};
		79F604A91AAFC3CB0082EB5A /* Supporting Files */ = {
			isa = PBXGroup;
			children = (
				79F604AA1AAFC3CB0082EB5A /* Info.plist */,
			);
			name = "Supporting Files";
			sourceTree = "<group>";
		};
/* End PBXGroup section */

/* Begin PBXNativeTarget section */
		79F6048F1AAFC3CB0082EB5A /* Cassini */ = {
			isa = PBXNativeTarget;
			buildConfigurationList = 79F604AF1AAFC3CB0082EB5A /* Build configuration list for PBXNativeTarget "Cassini" */;
			buildPhases = (
				79F6048C1AAFC3CB0082EB5A /* Sources */,
				79F6048D1AAFC3CB0082EB5A /* Frameworks */,
				79F6048E1AAFC3CB0082EB5A /* Resources */,
			);
			buildRules = (
			);
			dependencies = (
			);
			name = Cassini;
			productName = Cassini;
			productReference = 79F604901AAFC3CB0082EB5A /* Cassini.app */;
			productType = "com.apple.product-type.application";
		};
		79F604A41AAFC3CB0082EB5A /* CassiniTests */ = {
			isa = PBXNativeTarget;
			buildConfigurationList = 79F604B21AAFC3CB0082EB5A /* Build configuration list for PBXNativeTarget "CassiniTests" */;
			buildPhases = (
				79F604A11AAFC3CB0082EB5A /* Sources */,
				79F604A21AAFC3CB0082EB5A /* Frameworks */,
				79F604A31AAFC3CB0082EB5A /* Resources */,
			);
			buildRules = (
			);
			dependencies = (
				79F604A71AAFC3CB0082EB5A /* PBXTargetDependency */,
			);
			name = CassiniTests;
			productName = CassiniTests;
			productReference = 79F604A51AAFC3CB0082EB5A /* CassiniTests.xctest */;
			productType = "com.apple.product-type.bundle.unit-test";
		};
/* End PBXNativeTarget section */

/* Begin PBXProject section */
		79F604881AAFC3CB0082EB5A /* Project object */ = {
			isa = PBXProject;
			attributes = {
				LastSwiftUpdateCheck = 0700;
				LastUpgradeCheck = 0800;
				ORGANIZATIONNAME = "Stanford University";
				TargetAttributes = {
					79F6048F1AAFC3CB0082EB5A = {
						CreatedOnToolsVersion = 6.1.1;
						DevelopmentTeam = ALN2GRZBKC;
						LastSwiftMigration = 0800;
					};
					79F604A41AAFC3CB0082EB5A = {
						CreatedOnToolsVersion = 6.1.1;
						LastSwiftMigration = 0800;
						TestTargetID = 79F6048F1AAFC3CB0082EB5A;
					};
				};
			};
			buildConfigurationList = 79F6048B1AAFC3CB0082EB5A /* Build configuration list for PBXProject "Cassini" */;
			compatibilityVersion = "Xcode 3.2";
			developmentRegion = English;
			hasScannedForEncodings = 0;
			knownRegions = (
				en,
				Base,
			);
			mainGroup = 79F604871AAFC3CB0082EB5A;
			productRefGroup = 79F604911AAFC3CB0082EB5A /* Products */;
			projectDirPath = "";
			projectRoot = "";
			targets = (
				79F6048F1AAFC3CB0082EB5A /* Cassini */,
				79F604A41AAFC3CB0082EB5A /* CassiniTests */,
			);
		};
/* End PBXProject section */

/* Begin PBXResourcesBuildPhase section */
		79F6048E1AAFC3CB0082EB5A /* Resources */ = {
			isa = PBXResourcesBuildPhase;
			buildActionMask = 2147483647;
			files = (
				79F6049B1AAFC3CB0082EB5A /* Main.storyboard in Resources */,
				79F604A01AAFC3CB0082EB5A /* LaunchScreen.xib in Resources */,
				79F6049D1AAFC3CB0082EB5A /* Images.xcassets in Resources */,
			);
			runOnlyForDeploymentPostprocessing = 0;
		};
		79F604A31AAFC3CB0082EB5A /* Resources */ = {
			isa = PBXResourcesBuildPhase;
			buildActionMask = 2147483647;
			files = (
			);
			runOnlyForDeploymentPostprocessing = 0;
		};
/* End PBXResourcesBuildPhase section */

/* Begin PBXSourcesBuildPhase section */
		79F6048C1AAFC3CB0082EB5A /* Sources */ = {
			isa = PBXSourcesBuildPhase;
			buildActionMask = 2147483647;
			files = (
				7942BF9A1B42243200D1C9E9 /* ImagesSplitViewController.swift in Sources */,
				79F604B81AAFC7E30082EB5A /* DemoURL.swift in Sources */,
				79F604981AAFC3CB0082EB5A /* ViewController.swift in Sources */,
				79F604B61AAFC4C80082EB5A /* ImageViewController.swift in Sources */,
				79F604961AAFC3CB0082EB5A /* AppDelegate.swift in Sources */,
			);
			runOnlyForDeploymentPostprocessing = 0;
		};
		79F604A11AAFC3CB0082EB5A /* Sources */ = {
			isa = PBXSourcesBuildPhase;
			buildActionMask = 2147483647;
			files = (
				79F604AC1AAFC3CB0082EB5A /* CassiniTests.swift in Sources */,
			);
			runOnlyForDeploymentPostprocessing = 0;
		};
/* End PBXSourcesBuildPhase section */

/* Begin PBXTargetDependency section */
		79F604A71AAFC3CB0082EB5A /* PBXTargetDependency */ = {
			isa = PBXTargetDependency;
			target = 79F6048F1AAFC3CB0082EB5A /* Cassini */;
			targetProxy = 79F604A61AAFC3CB0082EB5A /* PBXContainerItemProxy */;
		};
/* End PBXTargetDependency section */

/* Begin PBXVariantGroup section */
		79F604991AAFC3CB0082EB5A /* Main.storyboard */ = {
			isa = PBXVariantGroup;
			children = (
				79F6049A1AAFC3CB0082EB5A /* Base */,
			);
			name = Main.storyboard;
			sourceTree = "<group>";
		};
		79F6049E1AAFC3CB0082EB5A /* LaunchScreen.xib */ = {
			isa = PBXVariantGroup;
			children = (
				79F6049F1AAFC3CB0082EB5A /* Base */,
			);
			name = LaunchScreen.xib;
			sourceTree = "<group>";
		};
/* End PBXVariantGroup section */

/* Begin XCBuildConfiguration section */
		79F604AD1AAFC3CB0082EB5A /* Debug */ = {
			isa = XCBuildConfiguration;
			buildSettings = {
				ALWAYS_SEARCH_USER_PATHS = NO;
				CLANG_CXX_LANGUAGE_STANDARD = "gnu++0x";
				CLANG_CXX_LIBRARY = "libc++";
				CLANG_ENABLE_MODULES = YES;
				CLANG_ENABLE_OBJC_ARC = YES;
				CLANG_WARN_BOOL_CONVERSION = YES;
				CLANG_WARN_CONSTANT_CONVERSION = YES;
				CLANG_WARN_DIRECT_OBJC_ISA_USAGE = YES_ERROR;
				CLANG_WARN_EMPTY_BODY = YES;
				CLANG_WARN_ENUM_CONVERSION = YES;
				CLANG_WARN_INFINITE_RECURSION = YES;
				CLANG_WARN_INT_CONVERSION = YES;
				CLANG_WARN_OBJC_ROOT_CLASS = YES_ERROR;
				CLANG_WARN_SUSPICIOUS_MOVE = YES;
				CLANG_WARN_UNREACHABLE_CODE = YES;
				CLANG_WARN__DUPLICATE_METHOD_MATCH = YES;
				"CODE_SIGN_IDENTITY[sdk=iphoneos*]" = "iPhone Developer";
				COPY_PHASE_STRIP = NO;
				ENABLE_STRICT_OBJC_MSGSEND = YES;
				ENABLE_TESTABILITY = YES;
				GCC_C_LANGUAGE_STANDARD = gnu99;
				GCC_DYNAMIC_NO_PIC = NO;
				GCC_NO_COMMON_BLOCKS = YES;
				GCC_OPTIMIZATION_LEVEL = 0;
				GCC_PREPROCESSOR_DEFINITIONS = (
					"DEBUG=1",
					"$(inherited)",
				);
				GCC_SYMBOLS_PRIVATE_EXTERN = NO;
				GCC_WARN_64_TO_32_BIT_CONVERSION = YES;
				GCC_WARN_ABOUT_RETURN_TYPE = YES_ERROR;
				GCC_WARN_UNDECLARED_SELECTOR = YES;
				GCC_WARN_UNINITIALIZED_AUTOS = YES_AGGRESSIVE;
				GCC_WARN_UNUSED_FUNCTION = YES;
				GCC_WARN_UNUSED_VARIABLE = YES;
				IPHONEOS_DEPLOYMENT_TARGET = 8.1;
				MTL_ENABLE_DEBUG_INFO = YES;
				ONLY_ACTIVE_ARCH = YES;
				SDKROOT = iphoneos;
				SWIFT_OPTIMIZATION_LEVEL = "-Onone";
				TARGETED_DEVICE_FAMILY = "1,2";
			};
			name = Debug;
		};
		79F604AE1AAFC3CB0082EB5A /* Release */ = {
			isa = XCBuildConfiguration;
			buildSettings = {
				ALWAYS_SEARCH_USER_PATHS = NO;
				CLANG_CXX_LANGUAGE_STANDARD = "gnu++0x";
				CLANG_CXX_LIBRARY = "libc++";
				CLANG_ENABLE_MODULES = YES;
				CLANG_ENABLE_OBJC_ARC = YES;
				CLANG_WARN_BOOL_CONVERSION = YES;
				CLANG_WARN_CONSTANT_CONVERSION = YES;
				CLANG_WARN_DIRECT_OBJC_ISA_USAGE = YES_ERROR;
				CLANG_WARN_EMPTY_BODY = YES;
				CLANG_WARN_ENUM_CONVERSION = YES;
				CLANG_WARN_INFINITE_RECURSION = YES;
				CLANG_WARN_INT_CONVERSION = YES;
				CLANG_WARN_OBJC_ROOT_CLASS = YES_ERROR;
				CLANG_WARN_SUSPICIOUS_MOVE = YES;
				CLANG_WARN_UNREACHABLE_CODE = YES;
				CLANG_WARN__DUPLICATE_METHOD_MATCH = YES;
				"CODE_SIGN_IDENTITY[sdk=iphoneos*]" = "iPhone Developer";
				COPY_PHASE_STRIP = YES;
				ENABLE_NS_ASSERTIONS = NO;
				ENABLE_STRICT_OBJC_MSGSEND = YES;
				GCC_C_LANGUAGE_STANDARD = gnu99;
				GCC_NO_COMMON_BLOCKS = YES;
				GCC_WARN_64_TO_32_BIT_CONVERSION = YES;
				GCC_WARN_ABOUT_RETURN_TYPE = YES_ERROR;
				GCC_WARN_UNDECLARED_SELECTOR = YES;
				GCC_WARN_UNINITIALIZED_AUTOS = YES_AGGRESSIVE;
				GCC_WARN_UNUSED_FUNCTION = YES;
				GCC_WARN_UNUSED_VARIABLE = YES;
				IPHONEOS_DEPLOYMENT_TARGET = 8.1;
				MTL_ENABLE_DEBUG_INFO = NO;
				SDKROOT = iphoneos;
				SWIFT_OPTIMIZATION_LEVEL = "-Owholemodule";
				TARGETED_DEVICE_FAMILY = "1,2";
				VALIDATE_PRODUCT = YES;
			};
			name = Release;
		};
		79F604B01AAFC3CB0082EB5A /* Debug */ = {
			isa = XCBuildConfiguration;
			buildSettings = {
				ASSETCATALOG_COMPILER_APPICON_NAME = AppIcon;
				CODE_SIGN_IDENTITY = "iPhone Developer";
				"CODE_SIGN_IDENTITY[sdk=iphoneos*]" = "iPhone Developer";
				INFOPLIST_FILE = Cassini/Info.plist;
				LD_RUNPATH_SEARCH_PATHS = "$(inherited) @executable_path/Frameworks";
				PRODUCT_BUNDLE_IDENTIFIER = "edu.stanford.cs193p.molda.vojta.$(PRODUCT_NAME:rfc1034identifier)";
				PRODUCT_NAME = "$(TARGET_NAME)";
				PROVISIONING_PROFILE = "";
				SWIFT_VERSION = 3.0;
			};
			name = Debug;
		};
		79F604B11AAFC3CB0082EB5A /* Release */ = {
			isa = XCBuildConfiguration;
			buildSettings = {
				ASSETCATALOG_COMPILER_APPICON_NAME = AppIcon;
				CODE_SIGN_IDENTITY = "iPhone Developer";
				"CODE_SIGN_IDENTITY[sdk=iphoneos*]" = "iPhone Developer";
				INFOPLIST_FILE = Cassini/Info.plist;
				LD_RUNPATH_SEARCH_PATHS = "$(inherited) @executable_path/Frameworks";
				PRODUCT_BUNDLE_IDENTIFIER = "edu.stanford.cs193p.molda.vojta.$(PRODUCT_NAME:rfc1034identifier)";
				PRODUCT_NAME = "$(TARGET_NAME)";
				PROVISIONING_PROFILE = "";
				SWIFT_VERSION = 3.0;
			};
			name = Release;
		};
		79F604B31AAFC3CB0082EB5A /* Debug */ = {
			isa = XCBuildConfiguration;
			buildSettings = {
				BUNDLE_LOADER = "$(TEST_HOST)";
				FRAMEWORK_SEARCH_PATHS = (
					"$(SDKROOT)/Developer/Library/Frameworks",
					"$(inherited)",
				);
				GCC_PREPROCESSOR_DEFINITIONS = (
					"DEBUG=1",
					"$(inherited)",
				);
				INFOPLIST_FILE = CassiniTests/Info.plist;
				LD_RUNPATH_SEARCH_PATHS = "$(inherited) @executable_path/Frameworks @loader_path/Frameworks";
				PRODUCT_BUNDLE_IDENTIFIER = "edu.stanford.cs193p.molda.vojta.$(PRODUCT_NAME:rfc1034identifier)";
				PRODUCT_NAME = "$(TARGET_NAME)";
				SWIFT_VERSION = 3.0;
				TEST_HOST = "$(BUILT_PRODUCTS_DIR)/Cassini.app/Cassini";
			};
			name = Debug;
		};
		79F604B41AAFC3CB0082EB5A /* Release */ = {
			isa = XCBuildConfiguration;
			buildSettings = {
				BUNDLE_LOADER = "$(TEST_HOST)";
				FRAMEWORK_SEARCH_PATHS = (
					"$(SDKROOT)/Developer/Library/Frameworks",
					"$(inherited)",
				);
				INFOPLIST_FILE = CassiniTests/Info.plist;
				LD_RUNPATH_SEARCH_PATHS = "$(inherited) @executable_path/Frameworks @loader_path/Frameworks";
				PRODUCT_BUNDLE_IDENTIFIER = "edu.stanford.cs193p.molda.vojta.$(PRODUCT_NAME:rfc1034identifier)";
				PRODUCT_NAME = "$(TARGET_NAME)";
				SWIFT_VERSION = 3.0;
				TEST_HOST = "$(BUILT_PRODUCTS_DIR)/Cassini.app/Cassini";
			};
			name = Release;
		};
/* End XCBuildConfiguration section */

/* Begin XCConfigurationList section */
		79F6048B1AAFC3CB0082EB5A /* Build configuration list for PBXProject "Cassini" */ = {
			isa = XCConfigurationList;
			buildConfigurations = (
				79F604AD1AAFC3CB0082EB5A /* Debug */,
				79F604AE1AAFC3CB0082EB5A /* Release */,
			);
			defaultConfigurationIsVisible = 0;
			defaultConfigurationName = Release;
		};
		79F604AF1AAFC3CB0082EB5A /* Build configuration list for PBXNativeTarget "Cassini" */ = {
			isa = XCConfigurationList;
			buildConfigurations = (
				79F604B01AAFC3CB0082EB5A /* Debug */,
				79F604B11AAFC3CB0082EB5A /* Release */,
			);
			defaultConfigurationIsVisible = 0;
			defaultConfigurationName = Release;
		};
		79F604B21AAFC3CB0082EB5A /* Build configuration list for PBXNativeTarget "CassiniTests" */ = {
			isa = XCConfigurationList;
			buildConfigurations = (
				79F604B31AAFC3CB0082EB5A /* Debug */,
				79F604B41AAFC3CB0082EB5A /* Release */,
			);
			defaultConfigurationIsVisible = 0;
			defaultConfigurationName = Release;
		};
/* End XCConfigurationList section */
	};
	rootObject = 79F604881AAFC3CB0082EB5A /* Project object */;
}
